
Microsoft Visual Studio Solution File, Format Version 12.00
# Visual Studio Version 17
VisualStudioVersion = 17.3.32901.215
MinimumVisualStudioVersion = 10.0.40219.1
Project("{FAE04EC0-301F-11D3-BF4B-00C04F79EFBC}") = "gecti-kaldı", "gecti-kaldı\gecti-kaldı.csproj", "{D110147A-8389-405A-A7EE-ACAF522F56B1}"
EndProject
Global
	GlobalSection(SolutionConfigurationPlatforms) = preSolution
		Debug|Any CPU = Debug|Any CPU
		Release|Any CPU = Release|Any CPU
	EndGlobalSection
	GlobalSection(ProjectConfigurationPlatforms) = postSolution
		{D110147A-8389-405A-A7EE-ACAF522F56B1}.Debug|Any CPU.ActiveCfg = Debug|Any CPU
		{D110147A-8389-405A-A7EE-ACAF522F56B1}.Debug|Any CPU.Build.0 = Debug|Any CPU
		{D110147A-8389-405A-A7EE-ACAF522F56B1}.Release|Any CPU.ActiveCfg = Release|Any CPU
		{D110147A-8389-405A-A7EE-ACAF522F56B1}.Release|Any CPU.Build.0 = Release|Any CPU
	EndGlobalSection
	GlobalSection(SolutionProperties) = preSolution
		HideSolutionNode = FALSE
	EndGlobalSection
	GlobalSection(ExtensibilityGlobals) = postSolution
		SolutionGuid = {858B4454-F2EF-4100-B104-C51C854FC9C7}
	EndGlobalSection
EndGlobal
